PODS:
  - AFNetworking (3.2.1):
    - AFNetworking/NSURLSession (= 3.2.1)
    - AFNetworking/Reachability (= 3.2.1)
    - AFNetworking/Security (= 3.2.1)
    - AFNetworking/Serialization (= 3.2.1)
    - AFNetworking/UIKit (= 3.2.1)
  - AFNetworking/NSURLSession (3.2.1):
    - AFNetworking/Reachability
    - AFNetworking/Security
    - AFNetworking/Serialization
  - AFNetworking/Reachability (3.2.1)
  - AFNetworking/Security (3.2.1)
  - AFNetworking/Serialization (3.2.1)
  - AFNetworking/UIKit (3.2.1):
    - AFNetworking/NSURLSession
  - BmobSDK (2.4.1)
  - FMDB (2.7.5):
    - FMDB/standard (= 2.7.5)
  - FMDB/standard (2.7.5)
  - Masonry (1.1.0)
  - MJRefresh (3.2.3)
  - mobAPI (2.1.1):
    - MOBFoundation
  - MOBFoundation (3.2.7)
  - SVProgressHUD (2.2.5)
  - YYKit (1.0.9):
    - YYKit/no-arc (= 1.0.9)
  - YYKit/no-arc (1.0.9)

DEPENDENCIES:
  - AFNetworking
  - BmobSDK
  - FMDB
  - Masonry
  - MJRefresh
  - mobAPI
  - SVProgressHUD
  - YYKit

SPEC REPOS:
  trunk:
    - AFNetworking
    - BmobSDK
    - FMDB
    - Masonry
    - MJRefresh
    - mobAPI
    - MOBFoundation
    - SVProgressHUD
    - YYKit

SPEC CHECKSUMS:
  AFNetworking: b6f891fdfaed196b46c7a83cf209e09697b94057
  BmobSDK: 930525437e6602f7146108e11a9796604a1edbb9
  FMDB: 2ce00b547f966261cd18927a3ddb07cb6f3db82a
  Masonry: 678fab65091a9290e40e2832a55e7ab731aad201
  MJRefresh: 2b1214a2dc8f4df4c5dcb028ea2ad4e245425fb7
  mobAPI: 30628c22c92e216a65fe88fe30a1bfc5696060e9
  MOBFoundation: d7f72ac1447ab5794a57e3930730b1c3822f5033
  SVProgressHUD: 1428aafac632c1f86f62aa4243ec12008d7a51d6
  YYKit: 7cda43304a8dc3696c449041e2cb3107b4e236e7

PODFILE CHECKSUM: 31fa17af9f267b8525910e69053f0bd46161fc7c

COCOAPODS: 1.8.4
