// !$*UTF8*$!
{
	archiveVersion = 1;
	classes = {
	};
	objectVersion = 50;
	objects = {

/* Begin PBXBuildFile section */
		50B39ACBE4BDEB3A7FDEFB58 /* libPods-MyCode.a in Frameworks */ = {isa = PBXBuildFile; fileRef = 96A882F9D7C9A6FCF9D9DB67 /* libPods-MyCode.a */; };
		632C687C20D6C650009A1FBA /* PhoneResultModel.m in Sources */ = {isa = PBXBuildFile; fileRef = 632C687B20D6C650009A1FBA /* PhoneResultModel.m */; };
		632C687F20D7587C009A1FBA /* MenuModel.m in Sources */ = {isa = PBXBuildFile; fileRef = 632C687E20D7587C009A1FBA /* MenuModel.m */; };
		632C688220D75B4D009A1FBA /* MenuResultModel.m in Sources */ = {isa = PBXBuildFile; fileRef = 632C688120D75B4D009A1FBA /* MenuResultModel.m */; };
		6343CD3620CE6B67003C0326 /* main.m in Sources */ = {isa = PBXBuildFile; fileRef = 6343CD2D20CE6B67003C0326 /* main.m */; };
		6343CD3720CE6B67003C0326 /* AppDelegate.m in Sources */ = {isa = PBXBuildFile; fileRef = 6343CD3020CE6B67003C0326 /* AppDelegate.m */; };
		6343CD3D20CE6EA6003C0326 /* UIStackManager.m in Sources */ = {isa = PBXBuildFile; fileRef = 6343CD3B20CE6EA5003C0326 /* UIStackManager.m */; };
		6343CD4020CE6EFA003C0326 /* AppDelegate+category.m in Sources */ = {isa = PBXBuildFile; fileRef = 6343CD3F20CE6EFA003C0326 /* AppDelegate+category.m */; };
		6343CD4B20CE6F0A003C0326 /* BaseTabBarController.m in Sources */ = {isa = PBXBuildFile; fileRef = 6343CD4520CE6F09003C0326 /* BaseTabBarController.m */; };
		6343CD4C20CE6F0A003C0326 /* BaseNavigationController.m in Sources */ = {isa = PBXBuildFile; fileRef = 6343CD4820CE6F0A003C0326 /* BaseNavigationController.m */; };
		63BA5D2720898846002686E3 /* Assets.xcassets in Resources */ = {isa = PBXBuildFile; fileRef = 63BA5D2620898846002686E3 /* Assets.xcassets */; };
		63BA5D2A20898846002686E3 /* LaunchScreen.storyboard in Resources */ = {isa = PBXBuildFile; fileRef = 63BA5D2820898846002686E3 /* LaunchScreen.storyboard */; };
		63BA5D3720898846002686E3 /* MyCodeTests.m in Sources */ = {isa = PBXBuildFile; fileRef = 63BA5D3620898846002686E3 /* MyCodeTests.m */; };
		63BA5D4220898846002686E3 /* MyCodeUITests.m in Sources */ = {isa = PBXBuildFile; fileRef = 63BA5D4120898846002686E3 /* MyCodeUITests.m */; };
		63BA5D6720899459002686E3 /* Contents.json in Resources */ = {isa = PBXBuildFile; fileRef = 63BA5D5020899458002686E3 /* Contents.json */; };
		63BA5D6820899459002686E3 /* Icon-40.png in Resources */ = {isa = PBXBuildFile; fileRef = 63BA5D5120899458002686E3 /* Icon-40.png */; };
		63BA5D6920899459002686E3 /* Icon-40@2x.png in Resources */ = {isa = PBXBuildFile; fileRef = 63BA5D5220899458002686E3 /* Icon-40@2x.png */; };
		63BA5D6A20899459002686E3 /* Icon-40@3x.png in Resources */ = {isa = PBXBuildFile; fileRef = 63BA5D5320899458002686E3 /* Icon-40@3x.png */; };
		63BA5D6B20899459002686E3 /* Icon-60@2x.png in Resources */ = {isa = PBXBuildFile; fileRef = 63BA5D5420899458002686E3 /* Icon-60@2x.png */; };
		63BA5D6C20899459002686E3 /* Icon-60@3x.png in Resources */ = {isa = PBXBuildFile; fileRef = 63BA5D5520899458002686E3 /* Icon-60@3x.png */; };
		63BA5D6D20899459002686E3 /* Icon-72.png in Resources */ = {isa = PBXBuildFile; fileRef = 63BA5D5620899459002686E3 /* Icon-72.png */; };
		63BA5D6E20899459002686E3 /* Icon-72@2x.png in Resources */ = {isa = PBXBuildFile; fileRef = 63BA5D5720899459002686E3 /* Icon-72@2x.png */; };
		63BA5D6F20899459002686E3 /* Icon-76.png in Resources */ = {isa = PBXBuildFile; fileRef = 63BA5D5820899459002686E3 /* Icon-76.png */; };
		63BA5D7020899459002686E3 /* Icon-76@2x.png in Resources */ = {isa = PBXBuildFile; fileRef = 63BA5D5920899459002686E3 /* Icon-76@2x.png */; };
		63BA5D7120899459002686E3 /* Icon-83.5@2x.png in Resources */ = {isa = PBXBuildFile; fileRef = 63BA5D5A20899459002686E3 /* Icon-83.5@2x.png */; };
		63BA5D7220899459002686E3 /* Icon-Small-50.png in Resources */ = {isa = PBXBuildFile; fileRef = 63BA5D5B20899459002686E3 /* Icon-Small-50.png */; };
		63BA5D7320899459002686E3 /* Icon-Small-50@2x.png in Resources */ = {isa = PBXBuildFile; fileRef = 63BA5D5C20899459002686E3 /* Icon-Small-50@2x.png */; };
		63BA5D7420899459002686E3 /* Icon-Small.png in Resources */ = {isa = PBXBuildFile; fileRef = 63BA5D5D20899459002686E3 /* Icon-Small.png */; };
		63BA5D7520899459002686E3 /* Icon-Small@2x.png in Resources */ = {isa = PBXBuildFile; fileRef = 63BA5D5E20899459002686E3 /* Icon-Small@2x.png */; };
		63BA5D7620899459002686E3 /* Icon-Small@3x.png in Resources */ = {isa = PBXBuildFile; fileRef = 63BA5D5F20899459002686E3 /* Icon-Small@3x.png */; };
		63BA5D7720899459002686E3 /* Icon.png in Resources */ = {isa = PBXBuildFile; fileRef = 63BA5D6020899459002686E3 /* Icon.png */; };
		63BA5D7820899459002686E3 /* Icon@2x.png in Resources */ = {isa = PBXBuildFile; fileRef = 63BA5D6120899459002686E3 /* Icon@2x.png */; };
		63BA5D7920899459002686E3 /* ios-marketing.png in Resources */ = {isa = PBXBuildFile; fileRef = 63BA5D6220899459002686E3 /* ios-marketing.png */; };
		63BA5D7A20899459002686E3 /* NotificationIcon@2x.png in Resources */ = {isa = PBXBuildFile; fileRef = 63BA5D6320899459002686E3 /* NotificationIcon@2x.png */; };
		63BA5D7B20899459002686E3 /* NotificationIcon@3x.png in Resources */ = {isa = PBXBuildFile; fileRef = 63BA5D6420899459002686E3 /* NotificationIcon@3x.png */; };
		63BA5D7C20899459002686E3 /* NotificationIcon~ipad.png in Resources */ = {isa = PBXBuildFile; fileRef = 63BA5D6520899459002686E3 /* NotificationIcon~ipad.png */; };
		63BA5D7D20899459002686E3 /* NotificationIcon~ipad@2x.png in Resources */ = {isa = PBXBuildFile; fileRef = 63BA5D6620899459002686E3 /* NotificationIcon~ipad@2x.png */; };
		63E51F9020CE84200015ED0F /* DetailViewController.m in Sources */ = {isa = PBXBuildFile; fileRef = 63E51F8C20CE84200015ED0F /* DetailViewController.m */; };
		63E51F9420CE84490015ED0F /* InfomationVC.m in Sources */ = {isa = PBXBuildFile; fileRef = 63E51F9320CE84490015ED0F /* InfomationVC.m */; };
		63E51F9720CFCA770015ED0F /* SafeBoxVC.m in Sources */ = {isa = PBXBuildFile; fileRef = 63E51F9620CFCA770015ED0F /* SafeBoxVC.m */; };
		63E51F9B20CFCC090015ED0F /* CodeModel.m in Sources */ = {isa = PBXBuildFile; fileRef = 63E51F9A20CFCC090015ED0F /* CodeModel.m */; };
/* End PBXBuildFile section */

/* Begin PBXContainerItemProxy section */
		63BA5D3320898846002686E3 /* PBXContainerItemProxy */ = {
			isa = PBXContainerItemProxy;
			containerPortal = 63BA5D0F20898843002686E3 /* Project object */;
			proxyType = 1;
			remoteGlobalIDString = 63BA5D1620898843002686E3;
			remoteInfo = MyCode;
		};
		63BA5D3E20898846002686E3 /* PBXContainerItemProxy */ = {
			isa = PBXContainerItemProxy;
			containerPortal = 63BA5D0F20898843002686E3 /* Project object */;
			proxyType = 1;
			remoteGlobalIDString = 63BA5D1620898843002686E3;
			remoteInfo = MyCode;
		};
/* End PBXContainerItemProxy section */

/* Begin PBXFileReference section */
		580427A8FFFC7AE3DA35FE22 /* Pods-MyCode.release.xcconfig */ = {isa = PBXFileReference; includeInIndex = 1; lastKnownFileType = text.xcconfig; name = "Pods-MyCode.release.xcconfig"; path = "Pods/Target Support Files/Pods-MyCode/Pods-MyCode.release.xcconfig"; sourceTree = "<group>"; };
		632C687A20D6C650009A1FBA /* PhoneResultModel.h */ = {isa = PBXFileReference; lastKnownFileType = sourcecode.c.h; path = PhoneResultModel.h; sourceTree = "<group>"; };
		632C687B20D6C650009A1FBA /* PhoneResultModel.m */ = {isa = PBXFileReference; lastKnownFileType = sourcecode.c.objc; path = PhoneResultModel.m; sourceTree = "<group>"; };
		632C687D20D7587C009A1FBA /* MenuModel.h */ = {isa = PBXFileReference; lastKnownFileType = sourcecode.c.h; path = MenuModel.h; sourceTree = "<group>"; };
		632C687E20D7587C009A1FBA /* MenuModel.m */ = {isa = PBXFileReference; lastKnownFileType = sourcecode.c.objc; path = MenuModel.m; sourceTree = "<group>"; };
		632C688020D75B4D009A1FBA /* MenuResultModel.h */ = {isa = PBXFileReference; lastKnownFileType = sourcecode.c.h; path = MenuResultModel.h; sourceTree = "<group>"; };
		632C688120D75B4D009A1FBA /* MenuResultModel.m */ = {isa = PBXFileReference; lastKnownFileType = sourcecode.c.objc; path = MenuResultModel.m; sourceTree = "<group>"; };
		6343CD2D20CE6B67003C0326 /* main.m */ = {isa = PBXFileReference; fileEncoding = 4; lastKnownFileType = sourcecode.c.objc; path = main.m; sourceTree = "<group>"; };
		6343CD2F20CE6B67003C0326 /* AppDelegate.h */ = {isa = PBXFileReference; fileEncoding = 4; lastKnownFileType = sourcecode.c.h; path = AppDelegate.h; sourceTree = "<group>"; };
		6343CD3020CE6B67003C0326 /* AppDelegate.m */ = {isa = PBXFileReference; fileEncoding = 4; lastKnownFileType = sourcecode.c.objc; path = AppDelegate.m; sourceTree = "<group>"; };
		6343CD3120CE6B67003C0326 /* Info.plist */ = {isa = PBXFileReference; fileEncoding = 4; lastKnownFileType = text.plist.xml; path = Info.plist; sourceTree = "<group>"; };
		6343CD3A20CE6BDB003C0326 /* zh-Hans */ = {isa = PBXFileReference; lastKnownFileType = text.plist.strings; name = "zh-Hans"; path = "zh-Hans.lproj/LaunchScreen.strings"; sourceTree = "<group>"; };
		6343CD3B20CE6EA5003C0326 /* UIStackManager.m */ = {isa = PBXFileReference; fileEncoding = 4; lastKnownFileType = sourcecode.c.objc; path = UIStackManager.m; sourceTree = "<group>"; };
		6343CD3C20CE6EA5003C0326 /* UIStackManager.h */ = {isa = PBXFileReference; fileEncoding = 4; lastKnownFileType = sourcecode.c.h; path = UIStackManager.h; sourceTree = "<group>"; };
		6343CD3E20CE6EFA003C0326 /* AppDelegate+category.h */ = {isa = PBXFileReference; fileEncoding = 4; lastKnownFileType = sourcecode.c.h; path = "AppDelegate+category.h"; sourceTree = "<group>"; };
		6343CD3F20CE6EFA003C0326 /* AppDelegate+category.m */ = {isa = PBXFileReference; fileEncoding = 4; lastKnownFileType = sourcecode.c.objc; path = "AppDelegate+category.m"; sourceTree = "<group>"; };
		6343CD4420CE6F09003C0326 /* BaseTabBarController.h */ = {isa = PBXFileReference; fileEncoding = 4; lastKnownFileType = sourcecode.c.h; path = BaseTabBarController.h; sourceTree = "<group>"; };
		6343CD4520CE6F09003C0326 /* BaseTabBarController.m */ = {isa = PBXFileReference; fileEncoding = 4; lastKnownFileType = sourcecode.c.objc; path = BaseTabBarController.m; sourceTree = "<group>"; };
		6343CD4720CE6F09003C0326 /* BaseNavigationController.h */ = {isa = PBXFileReference; fileEncoding = 4; lastKnownFileType = sourcecode.c.h; path = BaseNavigationController.h; sourceTree = "<group>"; };
		6343CD4820CE6F0A003C0326 /* BaseNavigationController.m */ = {isa = PBXFileReference; fileEncoding = 4; lastKnownFileType = sourcecode.c.objc; path = BaseNavigationController.m; sourceTree = "<group>"; };
		63BA5D1720898843002686E3 /* MyCode.app */ = {isa = PBXFileReference; explicitFileType = wrapper.application; includeInIndex = 0; path = MyCode.app; sourceTree = BUILT_PRODUCTS_DIR; };
		63BA5D2620898846002686E3 /* Assets.xcassets */ = {isa = PBXFileReference; lastKnownFileType = folder.assetcatalog; path = Assets.xcassets; sourceTree = "<group>"; };
		63BA5D2920898846002686E3 /* Base */ = {isa = PBXFileReference; lastKnownFileType = file.storyboard; name = Base; path = Base.lproj/LaunchScreen.storyboard; sourceTree = "<group>"; };
		63BA5D3220898846002686E3 /* MyCodeTests.xctest */ = {isa = PBXFileReference; explicitFileType = wrapper.cfbundle; includeInIndex = 0; path = MyCodeTests.xctest; sourceTree = BUILT_PRODUCTS_DIR; };
		63BA5D3620898846002686E3 /* MyCodeTests.m */ = {isa = PBXFileReference; lastKnownFileType = sourcecode.c.objc; path = MyCodeTests.m; sourceTree = "<group>"; };
		63BA5D3820898846002686E3 /* Info.plist */ = {isa = PBXFileReference; lastKnownFileType = text.plist.xml; path = Info.plist; sourceTree = "<group>"; };
		63BA5D3D20898846002686E3 /* MyCodeUITests.xctest */ = {isa = PBXFileReference; explicitFileType = wrapper.cfbundle; includeInIndex = 0; path = MyCodeUITests.xctest; sourceTree = BUILT_PRODUCTS_DIR; };
		63BA5D4120898846002686E3 /* MyCodeUITests.m */ = {isa = PBXFileReference; lastKnownFileType = sourcecode.c.objc; path = MyCodeUITests.m; sourceTree = "<group>"; };
		63BA5D4320898846002686E3 /* Info.plist */ = {isa = PBXFileReference; lastKnownFileType = text.plist.xml; path = Info.plist; sourceTree = "<group>"; };
		63BA5D5020899458002686E3 /* Contents.json */ = {isa = PBXFileReference; fileEncoding = 4; lastKnownFileType = text.json; path = Contents.json; sourceTree = "<group>"; };
		63BA5D5120899458002686E3 /* Icon-40.png */ = {isa = PBXFileReference; lastKnownFileType = image.png; path = "Icon-40.png"; sourceTree = "<group>"; };
		63BA5D5220899458002686E3 /* Icon-40@2x.png */ = {isa = PBXFileReference; lastKnownFileType = image.png; path = "Icon-40@2x.png"; sourceTree = "<group>"; };
		63BA5D5320899458002686E3 /* Icon-40@3x.png */ = {isa = PBXFileReference; lastKnownFileType = image.png; path = "Icon-40@3x.png"; sourceTree = "<group>"; };
		63BA5D5420899458002686E3 /* Icon-60@2x.png */ = {isa = PBXFileReference; lastKnownFileType = image.png; path = "Icon-60@2x.png"; sourceTree = "<group>"; };
		63BA5D5520899458002686E3 /* Icon-60@3x.png */ = {isa = PBXFileReference; lastKnownFileType = image.png; path = "Icon-60@3x.png"; sourceTree = "<group>"; };
		63BA5D5620899459002686E3 /* Icon-72.png */ = {isa = PBXFileReference; lastKnownFileType = image.png; path = "Icon-72.png"; sourceTree = "<group>"; };
		63BA5D5720899459002686E3 /* Icon-72@2x.png */ = {isa = PBXFileReference; lastKnownFileType = image.png; path = "Icon-72@2x.png"; sourceTree = "<group>"; };
		63BA5D5820899459002686E3 /* Icon-76.png */ = {isa = PBXFileReference; lastKnownFileType = image.png; path = "Icon-76.png"; sourceTree = "<group>"; };
		63BA5D5920899459002686E3 /* Icon-76@2x.png */ = {isa = PBXFileReference; lastKnownFileType = image.png; path = "Icon-76@2x.png"; sourceTree = "<group>"; };
		63BA5D5A20899459002686E3 /* Icon-83.5@2x.png */ = {isa = PBXFileReference; lastKnownFileType = image.png; path = "Icon-83.5@2x.png"; sourceTree = "<group>"; };
		63BA5D5B20899459002686E3 /* Icon-Small-50.png */ = {isa = PBXFileReference; lastKnownFileType = image.png; path = "Icon-Small-50.png"; sourceTree = "<group>"; };
		63BA5D5C20899459002686E3 /* Icon-Small-50@2x.png */ = {isa = PBXFileReference; lastKnownFileType = image.png; path = "Icon-Small-50@2x.png"; sourceTree = "<group>"; };
		63BA5D5D20899459002686E3 /* Icon-Small.png */ = {isa = PBXFileReference; lastKnownFileType = image.png; path = "Icon-Small.png"; sourceTree = "<group>"; };
		63BA5D5E20899459002686E3 /* Icon-Small@2x.png */ = {isa = PBXFileReference; lastKnownFileType = image.png; path = "Icon-Small@2x.png"; sourceTree = "<group>"; };
		63BA5D5F20899459002686E3 /* Icon-Small@3x.png */ = {isa = PBXFileReference; lastKnownFileType = image.png; path = "Icon-Small@3x.png"; sourceTree = "<group>"; };
		63BA5D6020899459002686E3 /* Icon.png */ = {isa = PBXFileReference; lastKnownFileType = image.png; path = Icon.png; sourceTree = "<group>"; };
		63BA5D6120899459002686E3 /* Icon@2x.png */ = {isa = PBXFileReference; lastKnownFileType = image.png; path = "Icon@2x.png"; sourceTree = "<group>"; };
		63BA5D6220899459002686E3 /* ios-marketing.png */ = {isa = PBXFileReference; lastKnownFileType = image.png; path = "ios-marketing.png"; sourceTree = "<group>"; };
		63BA5D6320899459002686E3 /* NotificationIcon@2x.png */ = {isa = PBXFileReference; lastKnownFileType = image.png; path = "NotificationIcon@2x.png"; sourceTree = "<group>"; };
		63BA5D6420899459002686E3 /* NotificationIcon@3x.png */ = {isa = PBXFileReference; lastKnownFileType = image.png; path = "NotificationIcon@3x.png"; sourceTree = "<group>"; };
		63BA5D6520899459002686E3 /* NotificationIcon~ipad.png */ = {isa = PBXFileReference; lastKnownFileType = image.png; path = "NotificationIcon~ipad.png"; sourceTree = "<group>"; };
		63BA5D6620899459002686E3 /* NotificationIcon~ipad@2x.png */ = {isa = PBXFileReference; lastKnownFileType = image.png; path = "NotificationIcon~ipad@2x.png"; sourceTree = "<group>"; };
		63E51F8020CE78740015ED0F /* Prefix.pch */ = {isa = PBXFileReference; lastKnownFileType = sourcecode.c.h; path = Prefix.pch; sourceTree = "<group>"; };
		63E51F8120CE7C6C0015ED0F /* Define.h */ = {isa = PBXFileReference; lastKnownFileType = sourcecode.c.h; path = Define.h; sourceTree = "<group>"; };
		63E51F8220CE7C830015ED0F /* ColorMarco.h */ = {isa = PBXFileReference; lastKnownFileType = sourcecode.c.h; path = ColorMarco.h; sourceTree = "<group>"; };
		63E51F8320CE7C950015ED0F /* UrlMarco.h */ = {isa = PBXFileReference; lastKnownFileType = sourcecode.c.h; path = UrlMarco.h; sourceTree = "<group>"; };
		63E51F8420CE7CA30015ED0F /* StaticName.h */ = {isa = PBXFileReference; lastKnownFileType = sourcecode.c.h; path = StaticName.h; sourceTree = "<group>"; };
		63E51F8520CE7CC10015ED0F /* ImageMarco.h */ = {isa = PBXFileReference; lastKnownFileType = sourcecode.c.h; path = ImageMarco.h; sourceTree = "<group>"; };
		63E51F8620CE7D470015ED0F /* SizeMarco.h */ = {isa = PBXFileReference; lastKnownFileType = sourcecode.c.h; path = SizeMarco.h; sourceTree = "<group>"; };
		63E51F8B20CE84200015ED0F /* DetailViewController.h */ = {isa = PBXFileReference; fileEncoding = 4; lastKnownFileType = sourcecode.c.h; path = DetailViewController.h; sourceTree = "<group>"; };
		63E51F8C20CE84200015ED0F /* DetailViewController.m */ = {isa = PBXFileReference; fileEncoding = 4; lastKnownFileType = sourcecode.c.objc; path = DetailViewController.m; sourceTree = "<group>"; };
		63E51F9220CE84490015ED0F /* InfomationVC.h */ = {isa = PBXFileReference; lastKnownFileType = sourcecode.c.h; path = InfomationVC.h; sourceTree = "<group>"; };
		63E51F9320CE84490015ED0F /* InfomationVC.m */ = {isa = PBXFileReference; lastKnownFileType = sourcecode.c.objc; path = InfomationVC.m; sourceTree = "<group>"; };
		63E51F9520CFCA770015ED0F /* SafeBoxVC.h */ = {isa = PBXFileReference; lastKnownFileType = sourcecode.c.h; path = SafeBoxVC.h; sourceTree = "<group>"; };
		63E51F9620CFCA770015ED0F /* SafeBoxVC.m */ = {isa = PBXFileReference; lastKnownFileType = sourcecode.c.objc; path = SafeBoxVC.m; sourceTree = "<group>"; };
		63E51F9920CFCC090015ED0F /* CodeModel.h */ = {isa = PBXFileReference; lastKnownFileType = sourcecode.c.h; path = CodeModel.h; sourceTree = "<group>"; };
		63E51F9A20CFCC090015ED0F /* CodeModel.m */ = {isa = PBXFileReference; lastKnownFileType = sourcecode.c.objc; path = CodeModel.m; sourceTree = "<group>"; };
		853ABAFD6B736145862D2486 /* Pods-MyCode.debug.xcconfig */ = {isa = PBXFileReference; includeInIndex = 1; lastKnownFileType = text.xcconfig; name = "Pods-MyCode.debug.xcconfig"; path = "Pods/Target Support Files/Pods-MyCode/Pods-MyCode.debug.xcconfig"; sourceTree = "<group>"; };
		96A882F9D7C9A6FCF9D9DB67 /* libPods-MyCode.a */ = {isa = PBXFileReference; explicitFileType = archive.ar; includeInIndex = 0; path = "libPods-MyCode.a"; sourceTree = BUILT_PRODUCTS_DIR; };
/* End PBXFileReference section */

/* Begin PBXFrameworksBuildPhase section */
		63BA5D1420898843002686E3 /* Frameworks */ = {
			isa = PBXFrameworksBuildPhase;
			buildActionMask = 2147483647;
			files = (
				50B39ACBE4BDEB3A7FDEFB58 /* libPods-MyCode.a in Frameworks */,
			);
			runOnlyForDeploymentPostprocessing = 0;
		};
		63BA5D2F20898846002686E3 /* Frameworks */ = {
			isa = PBXFrameworksBuildPhase;
			buildActionMask = 2147483647;
			files = (
			);
			runOnlyForDeploymentPostprocessing = 0;
		};
		63BA5D3A20898846002686E3 /* Frameworks */ = {
			isa = PBXFrameworksBuildPhase;
			buildActionMask = 2147483647;
			files = (
			);
			runOnlyForDeploymentPostprocessing = 0;
		};
/* End PBXFrameworksBuildPhase section */

/* Begin PBXGroup section */
		632C687920D6C634009A1FBA /* Model */ = {
			isa = PBXGroup;
			children = (
				632C687A20D6C650009A1FBA /* PhoneResultModel.h */,
				632C687B20D6C650009A1FBA /* PhoneResultModel.m */,
				632C687D20D7587C009A1FBA /* MenuModel.h */,
				632C687E20D7587C009A1FBA /* MenuModel.m */,
				632C688020D75B4D009A1FBA /* MenuResultModel.h */,
				632C688120D75B4D009A1FBA /* MenuResultModel.m */,
			);
			path = Model;
			sourceTree = "<group>";
		};
		6343CD2420CE6B67003C0326 /* Other */ = {
			isa = PBXGroup;
			children = (
			);
			path = Other;
			sourceTree = "<group>";
		};
		6343CD2520CE6B67003C0326 /* Base */ = {
			isa = PBXGroup;
			children = (
				6343CD4720CE6F09003C0326 /* BaseNavigationController.h */,
				6343CD4820CE6F0A003C0326 /* BaseNavigationController.m */,
				6343CD4420CE6F09003C0326 /* BaseTabBarController.h */,
				6343CD4520CE6F09003C0326 /* BaseTabBarController.m */,
			);
			path = Base;
			sourceTree = "<group>";
		};
		6343CD2620CE6B67003C0326 /* Tool */ = {
			isa = PBXGroup;
			children = (
			);
			path = Tool;
			sourceTree = "<group>";
		};
		6343CD2720CE6B67003C0326 /* Controller */ = {
			isa = PBXGroup;
			children = (
				63E51F8720CE84200015ED0F /* Infomation */,
				63E51F8920CE84200015ED0F /* SafeBox */,
			);
			path = Controller;
			sourceTree = "<group>";
		};
		6343CD2C20CE6B67003C0326 /* Resource */ = {
			isa = PBXGroup;
			children = (
				6343CD2D20CE6B67003C0326 /* main.m */,
				63E51F8020CE78740015ED0F /* Prefix.pch */,
			);
			path = Resource;
			sourceTree = "<group>";
		};
		6343CD2E20CE6B67003C0326 /* AppDelegate */ = {
			isa = PBXGroup;
			children = (
				6343CD3120CE6B67003C0326 /* Info.plist */,
				6343CD2F20CE6B67003C0326 /* AppDelegate.h */,
				6343CD3020CE6B67003C0326 /* AppDelegate.m */,
				6343CD3E20CE6EFA003C0326 /* AppDelegate+category.h */,
				6343CD3F20CE6EFA003C0326 /* AppDelegate+category.m */,
			);
			path = AppDelegate;
			sourceTree = "<group>";
		};
		6343CD3220CE6B67003C0326 /* UIStack */ = {
			isa = PBXGroup;
			children = (
				6343CD3C20CE6EA5003C0326 /* UIStackManager.h */,
				6343CD3B20CE6EA5003C0326 /* UIStackManager.m */,
			);
			path = UIStack;
			sourceTree = "<group>";
		};
		6343CD3320CE6B67003C0326 /* Macro */ = {
			isa = PBXGroup;
			children = (
				63E51F8120CE7C6C0015ED0F /* Define.h */,
				63E51F8220CE7C830015ED0F /* ColorMarco.h */,
				63E51F8320CE7C950015ED0F /* UrlMarco.h */,
				63E51F8420CE7CA30015ED0F /* StaticName.h */,
				63E51F8520CE7CC10015ED0F /* ImageMarco.h */,
				63E51F8620CE7D470015ED0F /* SizeMarco.h */,
			);
			path = Macro;
			sourceTree = "<group>";
		};
		63BA5D0E20898843002686E3 = {
			isa = PBXGroup;
			children = (
				63BA5D1920898843002686E3 /* MyCode */,
				63BA5D3520898846002686E3 /* MyCodeTests */,
				63BA5D4020898846002686E3 /* MyCodeUITests */,
				63BA5D1820898843002686E3 /* Products */,
				66C905DCF094B46AABF95793 /* Pods */,
				A7974374F58A93E310557BFA /* Frameworks */,
			);
			sourceTree = "<group>";
		};
		63BA5D1820898843002686E3 /* Products */ = {
			isa = PBXGroup;
			children = (
				63BA5D1720898843002686E3 /* MyCode.app */,
				63BA5D3220898846002686E3 /* MyCodeTests.xctest */,
				63BA5D3D20898846002686E3 /* MyCodeUITests.xctest */,
			);
			name = Products;
			sourceTree = "<group>";
		};
		63BA5D1920898843002686E3 /* MyCode */ = {
			isa = PBXGroup;
			children = (
				6343CD2E20CE6B67003C0326 /* AppDelegate */,
				6343CD2520CE6B67003C0326 /* Base */,
				6343CD2720CE6B67003C0326 /* Controller */,
				6343CD3320CE6B67003C0326 /* Macro */,
				6343CD2420CE6B67003C0326 /* Other */,
				6343CD2C20CE6B67003C0326 /* Resource */,
				6343CD2620CE6B67003C0326 /* Tool */,
				6343CD3220CE6B67003C0326 /* UIStack */,
				63BA5D2620898846002686E3 /* Assets.xcassets */,
				63BA5D4F20899458002686E3 /* AppIcon.appiconset */,
				63BA5D2820898846002686E3 /* LaunchScreen.storyboard */,
			);
			path = MyCode;
			sourceTree = "<group>";
		};
		63BA5D3520898846002686E3 /* MyCodeTests */ = {
			isa = PBXGroup;
			children = (
				63BA5D3620898846002686E3 /* MyCodeTests.m */,
				63BA5D3820898846002686E3 /* Info.plist */,
			);
			path = MyCodeTests;
			sourceTree = "<group>";
		};
		63BA5D4020898846002686E3 /* MyCodeUITests */ = {
			isa = PBXGroup;
			children = (
				63BA5D4120898846002686E3 /* MyCodeUITests.m */,
				63BA5D4320898846002686E3 /* Info.plist */,
			);
			path = MyCodeUITests;
			sourceTree = "<group>";
		};
		63BA5D4F20899458002686E3 /* AppIcon.appiconset */ = {
			isa = PBXGroup;
			children = (
				63BA5D5020899458002686E3 /* Contents.json */,
				63BA5D5120899458002686E3 /* Icon-40.png */,
				63BA5D5220899458002686E3 /* Icon-40@2x.png */,
				63BA5D5320899458002686E3 /* Icon-40@3x.png */,
				63BA5D5420899458002686E3 /* Icon-60@2x.png */,
				63BA5D5520899458002686E3 /* Icon-60@3x.png */,
				63BA5D5620899459002686E3 /* Icon-72.png */,
				63BA5D5720899459002686E3 /* Icon-72@2x.png */,
				63BA5D5820899459002686E3 /* Icon-76.png */,
				63BA5D5920899459002686E3 /* Icon-76@2x.png */,
				63BA5D5A20899459002686E3 /* Icon-83.5@2x.png */,
				63BA5D5B20899459002686E3 /* Icon-Small-50.png */,
				63BA5D5C20899459002686E3 /* Icon-Small-50@2x.png */,
				63BA5D5D20899459002686E3 /* Icon-Small.png */,
				63BA5D5E20899459002686E3 /* Icon-Small@2x.png */,
				63BA5D5F20899459002686E3 /* Icon-Small@3x.png */,
				63BA5D6020899459002686E3 /* Icon.png */,
				63BA5D6120899459002686E3 /* Icon@2x.png */,
				63BA5D6220899459002686E3 /* ios-marketing.png */,
				63BA5D6320899459002686E3 /* NotificationIcon@2x.png */,
				63BA5D6420899459002686E3 /* NotificationIcon@3x.png */,
				63BA5D6520899459002686E3 /* NotificationIcon~ipad.png */,
				63BA5D6620899459002686E3 /* NotificationIcon~ipad@2x.png */,
			);
			path = AppIcon.appiconset;
			sourceTree = "<group>";
		};
		63E51F8720CE84200015ED0F /* Infomation */ = {
			isa = PBXGroup;
			children = (
				632C687920D6C634009A1FBA /* Model */,
				63E51F8820CE84200015ED0F /* Controller */,
			);
			path = Infomation;
			sourceTree = "<group>";
		};
		63E51F8820CE84200015ED0F /* Controller */ = {
			isa = PBXGroup;
			children = (
				63E51F9220CE84490015ED0F /* InfomationVC.h */,
				63E51F9320CE84490015ED0F /* InfomationVC.m */,
			);
			path = Controller;
			sourceTree = "<group>";
		};
		63E51F8920CE84200015ED0F /* SafeBox */ = {
			isa = PBXGroup;
			children = (
				63E51F9820CFCBF30015ED0F /* Model */,
				63E51F8A20CE84200015ED0F /* Controller */,
				63E51F8F20CE84200015ED0F /* View */,
			);
			path = SafeBox;
			sourceTree = "<group>";
		};
		63E51F8A20CE84200015ED0F /* Controller */ = {
			isa = PBXGroup;
			children = (
				63E51F8B20CE84200015ED0F /* DetailViewController.h */,
				63E51F8C20CE84200015ED0F /* DetailViewController.m */,
				63E51F9520CFCA770015ED0F /* SafeBoxVC.h */,
				63E51F9620CFCA770015ED0F /* SafeBoxVC.m */,
			);
			path = Controller;
			sourceTree = "<group>";
		};
		63E51F8F20CE84200015ED0F /* View */ = {
			isa = PBXGroup;
			children = (
			);
			path = View;
			sourceTree = "<group>";
		};
		63E51F9820CFCBF30015ED0F /* Model */ = {
			isa = PBXGroup;
			children = (
				63E51F9920CFCC090015ED0F /* CodeModel.h */,
				63E51F9A20CFCC090015ED0F /* CodeModel.m */,
			);
			path = Model;
			sourceTree = "<group>";
		};
		66C905DCF094B46AABF95793 /* Pods */ = {
			isa = PBXGroup;
			children = (
				853ABAFD6B736145862D2486 /* Pods-MyCode.debug.xcconfig */,
				580427A8FFFC7AE3DA35FE22 /* Pods-MyCode.release.xcconfig */,
			);
			name = Pods;
			sourceTree = "<group>";
		};
		A7974374F58A93E310557BFA /* Frameworks */ = {
			isa = PBXGroup;
			children = (
				96A882F9D7C9A6FCF9D9DB67 /* libPods-MyCode.a */,
			);
			name = Frameworks;
			sourceTree = "<group>";
		};
/* End PBXGroup section */

/* Begin PBXNativeTarget section */
		63BA5D1620898843002686E3 /* MyCode */ = {
			isa = PBXNativeTarget;
			buildConfigurationList = 63BA5D4620898846002686E3 /* Build configuration list for PBXNativeTarget "MyCode" */;
			buildPhases = (
				1AE013379EAF733F84082FBB /* [CP] Check Pods Manifest.lock */,
				63BA5D1320898843002686E3 /* Sources */,
				63BA5D1420898843002686E3 /* Frameworks */,
				63BA5D1520898843002686E3 /* Resources */,
				41B1CDF208506DB66E099B6F /* [CP] Copy Pods Resources */,
			);
			buildRules = (
			);
			dependencies = (
			);
			name = MyCode;
			productName = MyCode;
			productReference = 63BA5D1720898843002686E3 /* MyCode.app */;
			productType = "com.apple.product-type.application";
		};
		63BA5D3120898846002686E3 /* MyCodeTests */ = {
			isa = PBXNativeTarget;
			buildConfigurationList = 63BA5D4920898846002686E3 /* Build configuration list for PBXNativeTarget "MyCodeTests" */;
			buildPhases = (
				63BA5D2E20898846002686E3 /* Sources */,
				63BA5D2F20898846002686E3 /* Frameworks */,
				63BA5D3020898846002686E3 /* Resources */,
			);
			buildRules = (
			);
			dependencies = (
				63BA5D3420898846002686E3 /* PBXTargetDependency */,
			);
			name = MyCodeTests;
			productName = MyCodeTests;
			productReference = 63BA5D3220898846002686E3 /* MyCodeTests.xctest */;
			productType = "com.apple.product-type.bundle.unit-test";
		};
		63BA5D3C20898846002686E3 /* MyCodeUITests */ = {
			isa = PBXNativeTarget;
			buildConfigurationList = 63BA5D4C20898846002686E3 /* Build configuration list for PBXNativeTarget "MyCodeUITests" */;
			buildPhases = (
				63BA5D3920898846002686E3 /* Sources */,
				63BA5D3A20898846002686E3 /* Frameworks */,
				63BA5D3B20898846002686E3 /* Resources */,
			);
			buildRules = (
			);
			dependencies = (
				63BA5D3F20898846002686E3 /* PBXTargetDependency */,
			);
			name = MyCodeUITests;
			productName = MyCodeUITests;
			productReference = 63BA5D3D20898846002686E3 /* MyCodeUITests.xctest */;
			productType = "com.apple.product-type.bundle.ui-testing";
		};
/* End PBXNativeTarget section */

/* Begin PBXProject section */
		63BA5D0F20898843002686E3 /* Project object */ = {
			isa = PBXProject;
			attributes = {
				LastUpgradeCheck = 0940;
				ORGANIZATIONNAME = CL;
				TargetAttributes = {
					63BA5D1620898843002686E3 = {
						CreatedOnToolsVersion = 9.3;
					};
					63BA5D3120898846002686E3 = {
						CreatedOnToolsVersion = 9.3;
						TestTargetID = 63BA5D1620898843002686E3;
					};
					63BA5D3C20898846002686E3 = {
						CreatedOnToolsVersion = 9.3;
						TestTargetID = 63BA5D1620898843002686E3;
					};
				};
			};
			buildConfigurationList = 63BA5D1220898843002686E3 /* Build configuration list for PBXProject "MyCode" */;
			compatibilityVersion = "Xcode 9.3";
			developmentRegion = en;
			hasScannedForEncodings = 0;
			knownRegions = (
				en,
				Base,
			);
			mainGroup = 63BA5D0E20898843002686E3;
			productRefGroup = 63BA5D1820898843002686E3 /* Products */;
			projectDirPath = "";
			projectRoot = "";
			targets = (
				63BA5D1620898843002686E3 /* MyCode */,
				63BA5D3120898846002686E3 /* MyCodeTests */,
				63BA5D3C20898846002686E3 /* MyCodeUITests */,
			);
		};
/* End PBXProject section */

/* Begin PBXResourcesBuildPhase section */
		63BA5D1520898843002686E3 /* Resources */ = {
			isa = PBXResourcesBuildPhase;
			buildActionMask = 2147483647;
			files = (
				63BA5D7C20899459002686E3 /* NotificationIcon~ipad.png in Resources */,
				63BA5D2A20898846002686E3 /* LaunchScreen.storyboard in Resources */,
				63BA5D6D20899459002686E3 /* Icon-72.png in Resources */,
				63BA5D7620899459002686E3 /* Icon-Small@3x.png in Resources */,
				63BA5D7320899459002686E3 /* Icon-Small-50@2x.png in Resources */,
				63BA5D7520899459002686E3 /* Icon-Small@2x.png in Resources */,
				63BA5D2720898846002686E3 /* Assets.xcassets in Resources */,
				63BA5D7020899459002686E3 /* Icon-76@2x.png in Resources */,
				63BA5D7D20899459002686E3 /* NotificationIcon~ipad@2x.png in Resources */,
				63BA5D7120899459002686E3 /* Icon-83.5@2x.png in Resources */,
				63BA5D6920899459002686E3 /* Icon-40@2x.png in Resources */,
				63BA5D6F20899459002686E3 /* Icon-76.png in Resources */,
				63BA5D6720899459002686E3 /* Contents.json in Resources */,
				63BA5D7720899459002686E3 /* Icon.png in Resources */,
				63BA5D7B20899459002686E3 /* NotificationIcon@3x.png in Resources */,
				63BA5D7420899459002686E3 /* Icon-Small.png in Resources */,
				63BA5D6A20899459002686E3 /* Icon-40@3x.png in Resources */,
				63BA5D6C20899459002686E3 /* Icon-60@3x.png in Resources */,
				63BA5D7A20899459002686E3 /* NotificationIcon@2x.png in Resources */,
				63BA5D7920899459002686E3 /* ios-marketing.png in Resources */,
				63BA5D7820899459002686E3 /* Icon@2x.png in Resources */,
				63BA5D6820899459002686E3 /* Icon-40.png in Resources */,
				63BA5D7220899459002686E3 /* Icon-Small-50.png in Resources */,
				63BA5D6B20899459002686E3 /* Icon-60@2x.png in Resources */,
				63BA5D6E20899459002686E3 /* Icon-72@2x.png in Resources */,
			);
			runOnlyForDeploymentPostprocessing = 0;
		};
		63BA5D3020898846002686E3 /* Resources */ = {
			isa = PBXResourcesBuildPhase;
			buildActionMask = 2147483647;
			files = (
			);
			runOnlyForDeploymentPostprocessing = 0;
		};
		63BA5D3B20898846002686E3 /* Resources */ = {
			isa = PBXResourcesBuildPhase;
			buildActionMask = 2147483647;
			files = (
			);
			runOnlyForDeploymentPostprocessing = 0;
		};
/* End PBXResourcesBuildPhase section */

/* Begin PBXShellScriptBuildPhase section */
		1AE013379EAF733F84082FBB /* [CP] Check Pods Manifest.lock */ = {
			isa = PBXShellScriptBuildPhase;
			buildActionMask = 2147483647;
			files = (
			);
			inputPaths = (
				"${PODS_PODFILE_DIR_PATH}/Podfile.lock",
				"${PODS_ROOT}/Manifest.lock",
			);
			name = "[CP] Check Pods Manifest.lock";
			outputPaths = (
				"$(DERIVED_FILE_DIR)/Pods-MyCode-checkManifestLockResult.txt",
			);
			runOnlyForDeploymentPostprocessing = 0;
			shellPath = /bin/sh;
			shellScript = "diff \"${PODS_PODFILE_DIR_PATH}/Podfile.lock\" \"${PODS_ROOT}/Manifest.lock\" > /dev/null\nif [ $? != 0 ] ; then\n    # print error to STDERR\n    echo \"error: The sandbox is not in sync with the Podfile.lock. Run 'pod install' or update your CocoaPods installation.\" >&2\n    exit 1\nfi\n# This output is used by Xcode 'outputs' to avoid re-running this script phase.\necho \"SUCCESS\" > \"${SCRIPT_OUTPUT_FILE_0}\"\n";
			showEnvVarsInLog = 0;
		};
		41B1CDF208506DB66E099B6F /* [CP] Copy Pods Resources */ = {
			isa = PBXShellScriptBuildPhase;
			buildActionMask = 2147483647;
			files = (
			);
			inputPaths = (
				"${SRCROOT}/Pods/Target Support Files/Pods-MyCode/Pods-MyCode-resources.sh",
				"${PODS_ROOT}/MJRefresh/MJRefresh/MJRefresh.bundle",
				"${PODS_ROOT}/SVProgressHUD/SVProgressHUD/SVProgressHUD.bundle",
				"${PODS_ROOT}/mobAPI/MobProducts/Sample/MobAPIDemo/Sample/Sources/MobAPI.bundle",
			);
			name = "[CP] Copy Pods Resources";
			outputPaths = (
				"${TARGET_BUILD_DIR}/${UNLOCALIZED_RESOURCES_FOLDER_PATH}/MJRefresh.bundle",
				"${TARGET_BUILD_DIR}/${UNLOCALIZED_RESOURCES_FOLDER_PATH}/SVProgressHUD.bundle",
				"${TARGET_BUILD_DIR}/${UNLOCALIZED_RESOURCES_FOLDER_PATH}/MobAPI.bundle",
			);
			runOnlyForDeploymentPostprocessing = 0;
			shellPath = /bin/sh;
			shellScript = "\"${SRCROOT}/Pods/Target Support Files/Pods-MyCode/Pods-MyCode-resources.sh\"\n";
			showEnvVarsInLog = 0;
		};
/* End PBXShellScriptBuildPhase section */

/* Begin PBXSourcesBuildPhase section */
		63BA5D1320898843002686E3 /* Sources */ = {
			isa = PBXSourcesBuildPhase;
			buildActionMask = 2147483647;
			files = (
				6343CD4C20CE6F0A003C0326 /* BaseNavigationController.m in Sources */,
				632C687C20D6C650009A1FBA /* PhoneResultModel.m in Sources */,
				6343CD4020CE6EFA003C0326 /* AppDelegate+category.m in Sources */,
				6343CD3720CE6B67003C0326 /* AppDelegate.m in Sources */,
				63E51F9420CE84490015ED0F /* InfomationVC.m in Sources */,
				6343CD3620CE6B67003C0326 /* main.m in Sources */,
				6343CD4B20CE6F0A003C0326 /* BaseTabBarController.m in Sources */,
				6343CD3D20CE6EA6003C0326 /* UIStackManager.m in Sources */,

				632C688220D75B4D009A1FBA /* MenuResultModel.m in Sources */,
				632C687F20D7587C009A1FBA /* MenuModel.m in Sources */,

				63E51F9B20CFCC090015ED0F /* CodeModel.m in Sources */,

				63E51F9020CE84200015ED0F /* DetailViewController.m in Sources */,
				63E51F9720CFCA770015ED0F /* SafeBoxVC.m in Sources */,
			);
			runOnlyForDeploymentPostprocessing = 0;
		};
		63BA5D2E20898846002686E3 /* Sources */ = {
			isa = PBXSourcesBuildPhase;
			buildActionMask = 2147483647;
			files = (
				63BA5D3720898846002686E3 /* MyCodeTests.m in Sources */,
			);
			runOnlyForDeploymentPostprocessing = 0;
		};
		63BA5D3920898846002686E3 /* Sources */ = {
			isa = PBXSourcesBuildPhase;
			buildActionMask = 2147483647;
			files = (
				63BA5D4220898846002686E3 /* MyCodeUITests.m in Sources */,
			);
			runOnlyForDeploymentPostprocessing = 0;
		};
/* End PBXSourcesBuildPhase section */

/* Begin PBXTargetDependency section */
		63BA5D3420898846002686E3 /* PBXTargetDependency */ = {
			isa = PBXTargetDependency;
			target = 63BA5D1620898843002686E3 /* MyCode */;
			targetProxy = 63BA5D3320898846002686E3 /* PBXContainerItemProxy */;
		};
		63BA5D3F20898846002686E3 /* PBXTargetDependency */ = {
			isa = PBXTargetDependency;
			target = 63BA5D1620898843002686E3 /* MyCode */;
			targetProxy = 63BA5D3E20898846002686E3 /* PBXContainerItemProxy */;
		};
/* End PBXTargetDependency section */

/* Begin PBXVariantGroup section */
		63BA5D2820898846002686E3 /* LaunchScreen.storyboard */ = {
			isa = PBXVariantGroup;
			children = (
				63BA5D2920898846002686E3 /* Base */,
				6343CD3A20CE6BDB003C0326 /* zh-Hans */,
			);
			name = LaunchScreen.storyboard;
			sourceTree = "<group>";
		};
/* End PBXVariantGroup section */

/* Begin XCBuildConfiguration section */
		63BA5D4420898846002686E3 /* Debug */ = {
			isa = XCBuildConfiguration;
			buildSettings = {
				ALWAYS_SEARCH_USER_PATHS = NO;
				CLANG_ANALYZER_LOCALIZABILITY_NONLOCALIZED = YES;
				CLANG_ANALYZER_NONNULL = YES;
				CLANG_ANALYZER_NUMBER_OBJECT_CONVERSION = YES_AGGRESSIVE;
				CLANG_CXX_LANGUAGE_STANDARD = "gnu++14";
				CLANG_CXX_LIBRARY = "libc++";
				CLANG_ENABLE_MODULES = YES;
				CLANG_ENABLE_OBJC_ARC = YES;
				CLANG_ENABLE_OBJC_WEAK = YES;
				CLANG_WARN_BLOCK_CAPTURE_AUTORELEASING = YES;
				CLANG_WARN_BOOL_CONVERSION = YES;
				CLANG_WARN_COMMA = YES;
				CLANG_WARN_CONSTANT_CONVERSION = YES;
				CLANG_WARN_DEPRECATED_OBJC_IMPLEMENTATIONS = YES;
				CLANG_WARN_DIRECT_OBJC_ISA_USAGE = YES_ERROR;
				CLANG_WARN_DOCUMENTATION_COMMENTS = YES;
				CLANG_WARN_EMPTY_BODY = YES;
				CLANG_WARN_ENUM_CONVERSION = YES;
				CLANG_WARN_INFINITE_RECURSION = YES;
				CLANG_WARN_INT_CONVERSION = YES;
				CLANG_WARN_NON_LITERAL_NULL_CONVERSION = YES;
				CLANG_WARN_OBJC_IMPLICIT_RETAIN_SELF = YES;
				CLANG_WARN_OBJC_LITERAL_CONVERSION = YES;
				CLANG_WARN_OBJC_ROOT_CLASS = YES_ERROR;
				CLANG_WARN_RANGE_LOOP_ANALYSIS = YES;
				CLANG_WARN_STRICT_PROTOTYPES = YES;
				CLANG_WARN_SUSPICIOUS_MOVE = YES;
				CLANG_WARN_UNGUARDED_AVAILABILITY = YES_AGGRESSIVE;
				CLANG_WARN_UNREACHABLE_CODE = YES;
				CLANG_WARN__DUPLICATE_METHOD_MATCH = YES;
				CODE_SIGN_IDENTITY = "iPhone Developer";
				COPY_PHASE_STRIP = NO;
				DEBUG_INFORMATION_FORMAT = dwarf;
				ENABLE_STRICT_OBJC_MSGSEND = YES;
				ENABLE_TESTABILITY = YES;
				GCC_C_LANGUAGE_STANDARD = gnu11;
				GCC_DYNAMIC_NO_PIC = NO;
				GCC_NO_COMMON_BLOCKS = YES;
				GCC_OPTIMIZATION_LEVEL = 0;
				GCC_PREPROCESSOR_DEFINITIONS = (
					"DEBUG=1",
					"$(inherited)",
				);
				GCC_WARN_64_TO_32_BIT_CONVERSION = YES;
				GCC_WARN_ABOUT_RETURN_TYPE = YES_ERROR;
				GCC_WARN_UNDECLARED_SELECTOR = YES;
				GCC_WARN_UNINITIALIZED_AUTOS = YES_AGGRESSIVE;
				GCC_WARN_UNUSED_FUNCTION = YES;
				GCC_WARN_UNUSED_VARIABLE = YES;
				IPHONEOS_DEPLOYMENT_TARGET = 11.0;
				MTL_ENABLE_DEBUG_INFO = YES;
				ONLY_ACTIVE_ARCH = YES;
				SDKROOT = iphoneos;
			};
			name = Debug;
		};
		63BA5D4520898846002686E3 /* Release */ = {
			isa = XCBuildConfiguration;
			buildSettings = {
				ALWAYS_SEARCH_USER_PATHS = NO;
				CLANG_ANALYZER_LOCALIZABILITY_NONLOCALIZED = YES;
				CLANG_ANALYZER_NONNULL = YES;
				CLANG_ANALYZER_NUMBER_OBJECT_CONVERSION = YES_AGGRESSIVE;
				CLANG_CXX_LANGUAGE_STANDARD = "gnu++14";
				CLANG_CXX_LIBRARY = "libc++";
				CLANG_ENABLE_MODULES = YES;
				CLANG_ENABLE_OBJC_ARC = YES;
				CLANG_ENABLE_OBJC_WEAK = YES;
				CLANG_WARN_BLOCK_CAPTURE_AUTORELEASING = YES;
				CLANG_WARN_BOOL_CONVERSION = YES;
				CLANG_WARN_COMMA = YES;
				CLANG_WARN_CONSTANT_CONVERSION = YES;
				CLANG_WARN_DEPRECATED_OBJC_IMPLEMENTATIONS = YES;
				CLANG_WARN_DIRECT_OBJC_ISA_USAGE = YES_ERROR;
				CLANG_WARN_DOCUMENTATION_COMMENTS = YES;
				CLANG_WARN_EMPTY_BODY = YES;
				CLANG_WARN_ENUM_CONVERSION = YES;
				CLANG_WARN_INFINITE_RECURSION = YES;
				CLANG_WARN_INT_CONVERSION = YES;
				CLANG_WARN_NON_LITERAL_NULL_CONVERSION = YES;
				CLANG_WARN_OBJC_IMPLICIT_RETAIN_SELF = YES;
				CLANG_WARN_OBJC_LITERAL_CONVERSION = YES;
				CLANG_WARN_OBJC_ROOT_CLASS = YES_ERROR;
				CLANG_WARN_RANGE_LOOP_ANALYSIS = YES;
				CLANG_WARN_STRICT_PROTOTYPES = YES;
				CLANG_WARN_SUSPICIOUS_MOVE = YES;
				CLANG_WARN_UNGUARDED_AVAILABILITY = YES_AGGRESSIVE;
				CLANG_WARN_UNREACHABLE_CODE = YES;
				CLANG_WARN__DUPLICATE_METHOD_MATCH = YES;
				CODE_SIGN_IDENTITY = "iPhone Developer";
				COPY_PHASE_STRIP = NO;
				DEBUG_INFORMATION_FORMAT = "dwarf-with-dsym";
				ENABLE_NS_ASSERTIONS = NO;
				ENABLE_STRICT_OBJC_MSGSEND = YES;
				GCC_C_LANGUAGE_STANDARD = gnu11;
				GCC_NO_COMMON_BLOCKS = YES;
				GCC_WARN_64_TO_32_BIT_CONVERSION = YES;
				GCC_WARN_ABOUT_RETURN_TYPE = YES_ERROR;
				GCC_WARN_UNDECLARED_SELECTOR = YES;
				GCC_WARN_UNINITIALIZED_AUTOS = YES_AGGRESSIVE;
				GCC_WARN_UNUSED_FUNCTION = YES;
				GCC_WARN_UNUSED_VARIABLE = YES;
				IPHONEOS_DEPLOYMENT_TARGET = 11.0;
				MTL_ENABLE_DEBUG_INFO = NO;
				SDKROOT = iphoneos;
				VALIDATE_PRODUCT = YES;
			};
			name = Release;
		};
		63BA5D4720898846002686E3 /* Debug */ = {
			isa = XCBuildConfiguration;
			baseConfigurationReference = 853ABAFD6B736145862D2486 /* Pods-MyCode.debug.xcconfig */;
			buildSettings = {
				ASSETCATALOG_COMPILER_APPICON_NAME = AppIcon;
				CODE_SIGN_STYLE = Automatic;
				DEVELOPMENT_TEAM = P8276WNL67;
				GCC_PRECOMPILE_PREFIX_HEADER = YES;
				GCC_PREFIX_HEADER = "$(SRCROOT)/MyCode/Resource/Prefix.pch";
				INFOPLIST_FILE = "$(SRCROOT)/MyCode/AppDelegate/Info.plist";
				LD_RUNPATH_SEARCH_PATHS = (
					"$(inherited)",
					"@executable_path/Frameworks",
				);
				PRODUCT_BUNDLE_IDENTIFIER = com.cl.MyCode;
				PRODUCT_NAME = "$(TARGET_NAME)";
				TARGETED_DEVICE_FAMILY = "1,2";
			};
			name = Debug;
		};
		63BA5D4820898846002686E3 /* Release */ = {
			isa = XCBuildConfiguration;
			baseConfigurationReference = 580427A8FFFC7AE3DA35FE22 /* Pods-MyCode.release.xcconfig */;
			buildSettings = {
				ASSETCATALOG_COMPILER_APPICON_NAME = AppIcon;
				CODE_SIGN_STYLE = Automatic;
				DEVELOPMENT_TEAM = P8276WNL67;
				GCC_PRECOMPILE_PREFIX_HEADER = YES;
				GCC_PREFIX_HEADER = "$(SRCROOT)/MyCode/Resource/Prefix.pch";
				INFOPLIST_FILE = "$(SRCROOT)/MyCode/AppDelegate/Info.plist";
				LD_RUNPATH_SEARCH_PATHS = (
					"$(inherited)",
					"@executable_path/Frameworks",
				);
				PRODUCT_BUNDLE_IDENTIFIER = com.cl.MyCode;
				PRODUCT_NAME = "$(TARGET_NAME)";
				TARGETED_DEVICE_FAMILY = "1,2";
			};
			name = Release;
		};
		63BA5D4A20898846002686E3 /* Debug */ = {
			isa = XCBuildConfiguration;
			buildSettings = {
				BUNDLE_LOADER = "$(TEST_HOST)";
				CODE_SIGN_STYLE = Automatic;
				INFOPLIST_FILE = MyCodeTests/Info.plist;
				LD_RUNPATH_SEARCH_PATHS = (
					"$(inherited)",
					"@executable_path/Frameworks",
					"@loader_path/Frameworks",
				);
				PRODUCT_BUNDLE_IDENTIFIER = com.cl.MyCodeTests;
				PRODUCT_NAME = "$(TARGET_NAME)";
				TARGETED_DEVICE_FAMILY = "1,2";
				TEST_HOST = "$(BUILT_PRODUCTS_DIR)/MyCode.app/MyCode";
			};
			name = Debug;
		};
		63BA5D4B20898846002686E3 /* Release */ = {
			isa = XCBuildConfiguration;
			buildSettings = {
				BUNDLE_LOADER = "$(TEST_HOST)";
				CODE_SIGN_STYLE = Automatic;
				INFOPLIST_FILE = MyCodeTests/Info.plist;
				LD_RUNPATH_SEARCH_PATHS = (
					"$(inherited)",
					"@executable_path/Frameworks",
					"@loader_path/Frameworks",
				);
				PRODUCT_BUNDLE_IDENTIFIER = com.cl.MyCodeTests;
				PRODUCT_NAME = "$(TARGET_NAME)";
				TARGETED_DEVICE_FAMILY = "1,2";
				TEST_HOST = "$(BUILT_PRODUCTS_DIR)/MyCode.app/MyCode";
			};
			name = Release;
		};
		63BA5D4D20898846002686E3 /* Debug */ = {
			isa = XCBuildConfiguration;
			buildSettings = {
				CODE_SIGN_STYLE = Automatic;
				INFOPLIST_FILE = MyCodeUITests/Info.plist;
				LD_RUNPATH_SEARCH_PATHS = (
					"$(inherited)",
					"@executable_path/Frameworks",
					"@loader_path/Frameworks",
				);
				PRODUCT_BUNDLE_IDENTIFIER = com.cl.MyCodeUITests;
				PRODUCT_NAME = "$(TARGET_NAME)";
				TARGETED_DEVICE_FAMILY = "1,2";
				TEST_TARGET_NAME = MyCode;
			};
			name = Debug;
		};
		63BA5D4E20898846002686E3 /* Release */ = {
			isa = XCBuildConfiguration;
			buildSettings = {
				CODE_SIGN_STYLE = Automatic;
				INFOPLIST_FILE = MyCodeUITests/Info.plist;
				LD_RUNPATH_SEARCH_PATHS = (
					"$(inherited)",
					"@executable_path/Frameworks",
					"@loader_path/Frameworks",
				);
				PRODUCT_BUNDLE_IDENTIFIER = com.cl.MyCodeUITests;
				PRODUCT_NAME = "$(TARGET_NAME)";
				TARGETED_DEVICE_FAMILY = "1,2";
				TEST_TARGET_NAME = MyCode;
			};
			name = Release;
		};
/* End XCBuildConfiguration section */

/* Begin XCConfigurationList section */
		63BA5D1220898843002686E3 /* Build configuration list for PBXProject "MyCode" */ = {
			isa = XCConfigurationList;
			buildConfigurations = (
				63BA5D4420898846002686E3 /* Debug */,
				63BA5D4520898846002686E3 /* Release */,
			);
			defaultConfigurationIsVisible = 0;
			defaultConfigurationName = Release;
		};
		63BA5D4620898846002686E3 /* Build configuration list for PBXNativeTarget "MyCode" */ = {
			isa = XCConfigurationList;
			buildConfigurations = (
				63BA5D4720898846002686E3 /* Debug */,
				63BA5D4820898846002686E3 /* Release */,
			);
			defaultConfigurationIsVisible = 0;
			defaultConfigurationName = Release;
		};
		63BA5D4920898846002686E3 /* Build configuration list for PBXNativeTarget "MyCodeTests" */ = {
			isa = XCConfigurationList;
			buildConfigurations = (
				63BA5D4A20898846002686E3 /* Debug */,
				63BA5D4B20898846002686E3 /* Release */,
			);
			defaultConfigurationIsVisible = 0;
			defaultConfigurationName = Release;
		};
		63BA5D4C20898846002686E3 /* Build configuration list for PBXNativeTarget "MyCodeUITests" */ = {
			isa = XCConfigurationList;
			buildConfigurations = (
				63BA5D4D20898846002686E3 /* Debug */,
				63BA5D4E20898846002686E3 /* Release */,
			);
			defaultConfigurationIsVisible = 0;
			defaultConfigurationName = Release;
		};
/* End XCConfigurationList section */
	};
	rootObject = 63BA5D0F20898843002686E3 /* Project object */;
}
